// !$*UTF8*$!
{
	archiveVersion = 1;
	classes = {
	};
	objectVersion = 46;
	objects = {

/* Begin PBXBuildFile section */
		FA70C6311BEE9BE200DBF0E3 /* Plex.swift in Sources */ = {isa = PBXBuildFile; fileRef = FA70C6301BEE9BE200DBF0E3 /* Plex.swift */; };
		FA70C6331BEEAD2100DBF0E3 /* Preferences.xib in Resources */ = {isa = PBXBuildFile; fileRef = FA70C6321BEEAD2100DBF0E3 /* Preferences.xib */; };
/* End PBXBuildFile section */

/* Begin PBXFileReference section */
		FA70C6261BEE9BC300DBF0E3 /* Plex Now Playing.bundle */ = {isa = PBXFileReference; explicitFileType = wrapper.cfbundle; includeInIndex = 0; path = "Plex Now Playing.bundle"; sourceTree = BUILT_PRODUCTS_DIR; };
		FA70C6291BEE9BC300DBF0E3 /* Info.plist */ = {isa = PBXFileReference; lastKnownFileType = text.plist.xml; path = Info.plist; sourceTree = "<group>"; };
		FA70C62F1BEE9BE200DBF0E3 /* Plex Now Playing-Bridging-Header.h */ = {isa = PBXFileReference; lastKnownFileType = sourcecode.c.h; path = "Plex Now Playing-Bridging-Header.h"; sourceTree = "<group>"; };
		FA70C6301BEE9BE200DBF0E3 /* Plex.swift */ = {isa = PBXFileReference; fileEncoding = 4; lastKnownFileType = sourcecode.swift; path = Plex.swift; sourceTree = "<group>"; };
		FA70C6321BEEAD2100DBF0E3 /* Preferences.xib */ = {isa = PBXFileReference; fileEncoding = 4; lastKnownFileType = file.xib; path = Preferences.xib; sourceTree = "<group>"; };
/* End PBXFileReference section */

/* Begin PBXFrameworksBuildPhase section */
		FA70C6231BEE9BC300DBF0E3 /* Frameworks */ = {
			isa = PBXFrameworksBuildPhase;
			buildActionMask = 2147483647;
			files = (
			);
			runOnlyForDeploymentPostprocessing = 0;
		};
/* End PBXFrameworksBuildPhase section */

/* Begin PBXGroup section */
		FA70C61D1BEE9BC300DBF0E3 = {
			isa = PBXGroup;
			children = (
				FA70C6321BEEAD2100DBF0E3 /* Preferences.xib */,
				FA70C6301BEE9BE200DBF0E3 /* Plex.swift */,
				FA70C6281BEE9BC300DBF0E3 /* Plex Now Playing */,
				FA70C6271BEE9BC300DBF0E3 /* Products */,
				FA70C62F1BEE9BE200DBF0E3 /* Plex Now Playing-Bridging-Header.h */,
			);
			sourceTree = "<group>";
		};
		FA70C6271BEE9BC300DBF0E3 /* Products */ = {
			isa = PBXGroup;
			children = (
				FA70C6261BEE9BC300DBF0E3 /* Plex Now Playing.bundle */,
			);
			name = Products;
			sourceTree = "<group>";
		};
		FA70C6281BEE9BC300DBF0E3 /* Plex Now Playing */ = {
			isa = PBXGroup;
			children = (
				FA70C6291BEE9BC300DBF0E3 /* Info.plist */,
			);
			path = "Plex Now Playing";
			sourceTree = "<group>";
		};
/* End PBXGroup section */

/* Begin PBXNativeTarget section */
		FA70C6251BEE9BC300DBF0E3 /* Plex Now Playing */ = {
			isa = PBXNativeTarget;
			buildConfigurationList = FA70C62C1BEE9BC300DBF0E3 /* Build configuration list for PBXNativeTarget "Plex Now Playing" */;
			buildPhases = (
				FA70C6221BEE9BC300DBF0E3 /* Sources */,
				FA70C6231BEE9BC300DBF0E3 /* Frameworks */,
				FA70C6241BEE9BC300DBF0E3 /* Resources */,
			);
			buildRules = (
			);
			dependencies = (
			);
			name = "Plex Now Playing";
			productName = "Plex Now Playing";
			productReference = FA70C6261BEE9BC300DBF0E3 /* Plex Now Playing.bundle */;
			productType = "com.apple.product-type.bundle";
		};
/* End PBXNativeTarget section */

/* Begin PBXProject section */
		FA70C61E1BEE9BC300DBF0E3 /* Project object */ = {
			isa = PBXProject;
			attributes = {
				KnownAssetTags = (
					Resources,
				);
				LastSwiftUpdateCheck = 0710;
				LastUpgradeCheck = 0710;
				ORGANIZATIONNAME = "Alex S. Glomsaas";
				TargetAttributes = {
					FA70C6251BEE9BC300DBF0E3 = {
						CreatedOnToolsVersion = 7.1;
					};
				};
			};
			buildConfigurationList = FA70C6211BEE9BC300DBF0E3 /* Build configuration list for PBXProject "Plex Now Playing" */;
			compatibilityVersion = "Xcode 3.2";
			developmentRegion = English;
			hasScannedForEncodings = 0;
			knownRegions = (
				en,
			);
			mainGroup = FA70C61D1BEE9BC300DBF0E3;
			productRefGroup = FA70C6271BEE9BC300DBF0E3 /* Products */;
			projectDirPath = "";
			projectRoot = "";
			targets = (
				FA70C6251BEE9BC300DBF0E3 /* Plex Now Playing */,
			);
		};
/* End PBXProject section */

/* Begin PBXResourcesBuildPhase section */
		FA70C6241BEE9BC300DBF0E3 /* Resources */ = {
			isa = PBXResourcesBuildPhase;
			buildActionMask = 2147483647;
			files = (
				FA70C6331BEEAD2100DBF0E3 /* Preferences.xib in Resources */,
			);
			runOnlyForDeploymentPostprocessing = 0;
		};
/* End PBXResourcesBuildPhase section */

/* Begin PBXSourcesBuildPhase section */
		FA70C6221BEE9BC300DBF0E3 /* Sources */ = {
			isa = PBXSourcesBuildPhase;
			buildActionMask = 2147483647;
			files = (
				FA70C6311BEE9BE200DBF0E3 /* Plex.swift in Sources */,
			);
			runOnlyForDeploymentPostprocessing = 0;
		};
/* End PBXSourcesBuildPhase section */

/* Begin XCBuildConfiguration section */
		FA70C62A1BEE9BC300DBF0E3 /* Debug */ = {
			isa = XCBuildConfiguration;
			buildSettings = {
				ALWAYS_SEARCH_USER_PATHS = NO;
				CLANG_CXX_LANGUAGE_STANDARD = "gnu++0x";
				CLANG_CXX_LIBRARY = "libc++";
				CLANG_ENABLE_MODULES = YES;
				CLANG_ENABLE_OBJC_ARC = YES;
				CLANG_WARN_BOOL_CONVERSION = YES;
				CLANG_WARN_CONSTANT_CONVERSION = YES;
				CLANG_WARN_DIRECT_OBJC_ISA_USAGE = YES_ERROR;
				CLANG_WARN_EMPTY_BODY = YES;
				CLANG_WARN_ENUM_CONVERSION = YES;
				CLANG_WARN_INT_CONVERSION = YES;
				CLANG_WARN_OBJC_ROOT_CLASS = YES_ERROR;
				CLANG_WARN_UNREACHABLE_CODE = YES;
				CLANG_WARN__DUPLICATE_METHOD_MATCH = YES;
				CODE_SIGN_IDENTITY = "-";
				COPY_PHASE_STRIP = NO;
				DEBUG_INFORMATION_FORMAT = dwarf;
				ENABLE_STRICT_OBJC_MSGSEND = YES;
				ENABLE_TESTABILITY = YES;
				GCC_C_LANGUAGE_STANDARD = gnu99;
				GCC_DYNAMIC_NO_PIC = NO;
				GCC_NO_COMMON_BLOCKS = YES;
				GCC_OPTIMIZATION_LEVEL = 0;
				GCC_PREPROCESSOR_DEFINITIONS = (
					"DEBUG=1",
					"$(inherited)",
				);
				GCC_WARN_64_TO_32_BIT_CONVERSION = YES;
				GCC_WARN_ABOUT_RETURN_TYPE = YES_ERROR;
				GCC_WARN_UNDECLARED_SELECTOR = YES;
				GCC_WARN_UNINITIALIZED_AUTOS = YES_AGGRESSIVE;
				GCC_WARN_UNUSED_FUNCTION = YES;
				GCC_WARN_UNUSED_VARIABLE = YES;
				MACOSX_DEPLOYMENT_TARGET = 10.11;
				MTL_ENABLE_DEBUG_INFO = YES;
				ONLY_ACTIVE_ARCH = YES;
				SDKROOT = macosx;
			};
			name = Debug;
		};
		FA70C62B1BEE9BC300DBF0E3 /* Release */ = {
			isa = XCBuildConfiguration;
			buildSettings = {
				ALWAYS_SEARCH_USER_PATHS = NO;
				CLANG_CXX_LANGUAGE_STANDARD = "gnu++0x";
				CLANG_CXX_LIBRARY = "libc++";
				CLANG_ENABLE_MODULES = YES;
				CLANG_ENABLE_OBJC_ARC = YES;
				CLANG_WARN_BOOL_CONVERSION = YES;
				CLANG_WARN_CONSTANT_CONVERSION = YES;
				CLANG_WARN_DIRECT_OBJC_ISA_USAGE = YES_ERROR;
				CLANG_WARN_EMPTY_BODY = YES;
				CLANG_WARN_ENUM_CONVERSION = YES;
				CLANG_WARN_INT_CONVERSION = YES;
				CLANG_WARN_OBJC_ROOT_CLASS = YES_ERROR;
				CLANG_WARN_UNREACHABLE_CODE = YES;
				CLANG_WARN__DUPLICATE_METHOD_MATCH = YES;
				CODE_SIGN_IDENTITY = "-";
				COPY_PHASE_STRIP = NO;
				DEBUG_INFORMATION_FORMAT = "dwarf-with-dsym";
				ENABLE_NS_ASSERTIONS = NO;
				ENABLE_STRICT_OBJC_MSGSEND = YES;
				GCC_C_LANGUAGE_STANDARD = gnu99;
				GCC_NO_COMMON_BLOCKS = YES;
				GCC_WARN_64_TO_32_BIT_CONVERSION = YES;
				GCC_WARN_ABOUT_RETURN_TYPE = YES_ERROR;
				GCC_WARN_UNDECLARED_SELECTOR = YES;
				GCC_WARN_UNINITIALIZED_AUTOS = YES_AGGRESSIVE;
				GCC_WARN_UNUSED_FUNCTION = YES;
				GCC_WARN_UNUSED_VARIABLE = YES;
				MACOSX_DEPLOYMENT_TARGET = 10.11;
				MTL_ENABLE_DEBUG_INFO = NO;
				SDKROOT = macosx;
			};
			name = Release;
		};
		FA70C62D1BEE9BC300DBF0E3 /* Debug */ = {
			isa = XCBuildConfiguration;
			buildSettings = {
				BUNDLE_LOADER = /Applications/Textual.app/Contents/MacOS/Textual;
				CLANG_ENABLE_MODULES = YES;
				COMBINE_HIDPI_IMAGES = YES;
				EMBEDDED_CONTENT_CONTAINS_SWIFT = YES;
				FRAMEWORK_SEARCH_PATHS = /Applications/Textual.app/Contents/Frameworks;
				HEADER_SEARCH_PATHS = "\"/Applications/Textual.app/Contents/Headers/**\"";
				INFOPLIST_FILE = "Plex Now Playing/Info.plist";
				INSTALL_PATH = "$(LOCAL_LIBRARY_DIR)/Bundles";
				LD_RUNPATH_SEARCH_PATHS = "$(inherited) @executable_path/../Frameworks @loader_path/../Frameworks";
				PRODUCT_BUNDLE_IDENTIFIER = "com.sorlie.Plex-Now-Playing";
				PRODUCT_NAME = "$(TARGET_NAME)";
				SKIP_INSTALL = YES;
				SWIFT_OBJC_BRIDGING_HEADER = "Plex Now Playing-Bridging-Header.h";
				SWIFT_OPTIMIZATION_LEVEL = "-Onone";
				WRAPPER_EXTENSION = bundle;
			};
			name = Debug;
		};
		FA70C62E1BEE9BC300DBF0E3 /* Release */ = {
			isa = XCBuildConfiguration;
			buildSettings = {
				BUNDLE_LOADER = /Applications/Textual.app/Contents/MacOS/Textual;
				CLANG_ENABLE_MODULES = YES;
				COMBINE_HIDPI_IMAGES = YES;
				EMBEDDED_CONTENT_CONTAINS_SWIFT = YES;
				FRAMEWORK_SEARCH_PATHS = /Applications/Textual.app/Contents/Frameworks;
				HEADER_SEARCH_PATHS = "\"/Applications/Textual.app/Contents/Headers/**\"";
				INFOPLIST_FILE = "Plex Now Playing/Info.plist";
				INSTALL_PATH = "$(LOCAL_LIBRARY_DIR)/Bundles";
				LD_RUNPATH_SEARCH_PATHS = "$(inherited) @executable_path/../Frameworks @loader_path/../Frameworks";
				PRODUCT_BUNDLE_IDENTIFIER = "com.sorlie.Plex-Now-Playing";
				PRODUCT_NAME = "$(TARGET_NAME)";
				SKIP_INSTALL = YES;
				SWIFT_OBJC_BRIDGING_HEADER = "Plex Now Playing-Bridging-Header.h";
				WRAPPER_EXTENSION = bundle;
			};
			name = Release;
		};
/* End XCBuildConfiguration section */

/* Begin XCConfigurationList section */
		FA70C6211BEE9BC300DBF0E3 /* Build configuration list for PBXProject "Plex Now Playing" */ = {
			isa = XCConfigurationList;
			buildConfigurations = (
				FA70C62A1BEE9BC300DBF0E3 /* Debug */,
				FA70C62B1BEE9BC300DBF0E3 /* Release */,
			);
			defaultConfigurationIsVisible = 0;
			defaultConfigurationName = Release;
		};
		FA70C62C1BEE9BC300DBF0E3 /* Build configuration list for PBXNativeTarget "Plex Now Playing" */ = {
			isa = XCConfigurationList;
			buildConfigurations = (
				FA70C62D1BEE9BC300DBF0E3 /* Debug */,
				FA70C62E1BEE9BC300DBF0E3 /* Release */,
			);
			defaultConfigurationIsVisible = 0;
			defaultConfigurationName = Release;
		};
/* End XCConfigurationList section */
	};
	rootObject = FA70C61E1BEE9BC300DBF0E3 /* Project object */;
}
